
Microsoft Visual Studio Solution File, Format Version 12.00
# Visual Studio Version 17
VisualStudioVersion = 17.14.36221.1 d17.14
MinimumVisualStudioVersion = 10.0.40219.1
Project("{FAE04EC0-301F-11D3-BF4B-00C04F79EFBC}") = "Sibomit_InheritanceUserInput", "Sibomit_InheritanceUserInput\Sibomit_InheritanceUserInput.csproj", "{CAAAAB2F-5D18-4EEF-81E3-567AFF7B728C}"
EndProject
Global
	GlobalSection(SolutionConfigurationPlatforms) = preSolution
		Debug|Any CPU = Debug|Any CPU
		Release|Any CPU = Release|Any CPU
	EndGlobalSection
	GlobalSection(ProjectConfigurationPlatforms) = postSolution
		{CAAAAB2F-5D18-4EEF-81E3-567AFF7B728C}.Debug|Any CPU.ActiveCfg = Debug|Any CPU
		{CAAAAB2F-5D18-4EEF-81E3-567AFF7B728C}.Debug|Any CPU.Build.0 = Debug|Any CPU
		{CAAAAB2F-5D18-4EEF-81E3-567AFF7B728C}.Release|Any CPU.ActiveCfg = Release|Any CPU
		{CAAAAB2F-5D18-4EEF-81E3-567AFF7B728C}.Release|Any CPU.Build.0 = Release|Any CPU
	EndGlobalSection
	GlobalSection(SolutionProperties) = preSolution
		HideSolutionNode = FALSE
	EndGlobalSection
	GlobalSection(ExtensibilityGlobals) = postSolution
		SolutionGuid = {045FEEC5-43F2-4148-98C2-C1CBDFA3E952}
	EndGlobalSection
EndGlobal
