
Microsoft Visual Studio Solution File, Format Version 12.00
# Visual Studio Version 17
VisualStudioVersion = 17.14.36221.1 d17.14
MinimumVisualStudioVersion = 10.0.40219.1
Project("{FAE04EC0-301F-11D3-BF4B-00C04F79EFBC}") = "Sibomit__EncapsulationUserInput", "Sibomit__EncapsulationUserInput\Sibomit__EncapsulationUserInput.csproj", "{BED94709-A40E-4040-9560-D074EB291AF5}"
EndProject
Global
	GlobalSection(SolutionConfigurationPlatforms) = preSolution
		Debug|Any CPU = Debug|Any CPU
		Release|Any CPU = Release|Any CPU
	EndGlobalSection
	GlobalSection(ProjectConfigurationPlatforms) = postSolution
		{BED94709-A40E-4040-9560-D074EB291AF5}.Debug|Any CPU.ActiveCfg = Debug|Any CPU
		{BED94709-A40E-4040-9560-D074EB291AF5}.Debug|Any CPU.Build.0 = Debug|Any CPU
		{BED94709-A40E-4040-9560-D074EB291AF5}.Release|Any CPU.ActiveCfg = Release|Any CPU
		{BED94709-A40E-4040-9560-D074EB291AF5}.Release|Any CPU.Build.0 = Release|Any CPU
	EndGlobalSection
	GlobalSection(SolutionProperties) = preSolution
		HideSolutionNode = FALSE
	EndGlobalSection
	GlobalSection(ExtensibilityGlobals) = postSolution
		SolutionGuid = {A1AE5CA6-3B6C-4D7D-971B-D904309DD00A}
	EndGlobalSection
EndGlobal
